{
  "name": "max-lidar-calibration",
  "version": "1.0.0",
  "lockfileVersion": 3,
  "requires": true,
  "packages": {
    "": {
      "name": "max-lidar-calibration",
      "version": "1.0.0",
      "dependencies": {
        "perspective-transform": "1.1.3"
      }
    },
    "node_modules/perspective-transform": {
      "version": "1.1.3",
      "resolved": "https://registry.npmjs.org/perspective-transform/-/perspective-transform-1.1.3.tgz",
      "integrity": "sha512-7SPy7v1ktaiadet5aAEA/a8qV0clY6DSd9cJwoE2+Iwe5n2dZ7GED/y96N9nBqvuprL/44fk5ih65qeorGUoXw==",
      "license": "MIT"
    }
  }
}
